
Microsoft Visual Studio Solution File, Format Version 12.00
# Visual Studio Version 17
VisualStudioVersion = 17.14.36202.13
MinimumVisualStudioVersion = 10.0.40219.1
Project("{FAE04EC0-301F-11D3-BF4B-00C04F79EFBC}") = "Examen_1", "Examen_1.csproj", "{AF4515CA-25CE-4A8B-920A-5F1E4F0BDA21}"
EndProject
Project("{FAE04EC0-301F-11D3-BF4B-00C04F79EFBC}") = "Examen_2", "..\Examen_2\Examen_2.csproj", "{57329D92-EFFB-4417-AF2D-98C15ABE1ADA}"
EndProject
Global
	GlobalSection(SolutionConfigurationPlatforms) = preSolution
		Debug|Any CPU = Debug|Any CPU
		Release|Any CPU = Release|Any CPU
	EndGlobalSection
	GlobalSection(ProjectConfigurationPlatforms) = postSolution
		{AF4515CA-25CE-4A8B-920A-5F1E4F0BDA21}.Debug|Any CPU.ActiveCfg = Debug|Any CPU
		{AF4515CA-25CE-4A8B-920A-5F1E4F0BDA21}.Debug|Any CPU.Build.0 = Debug|Any CPU
		{AF4515CA-25CE-4A8B-920A-5F1E4F0BDA21}.Release|Any CPU.ActiveCfg = Release|Any CPU
		{AF4515CA-25CE-4A8B-920A-5F1E4F0BDA21}.Release|Any CPU.Build.0 = Release|Any CPU
		{57329D92-EFFB-4417-AF2D-98C15ABE1ADA}.Debug|Any CPU.ActiveCfg = Debug|Any CPU
		{57329D92-EFFB-4417-AF2D-98C15ABE1ADA}.Debug|Any CPU.Build.0 = Debug|Any CPU
		{57329D92-EFFB-4417-AF2D-98C15ABE1ADA}.Release|Any CPU.ActiveCfg = Release|Any CPU
		{57329D92-EFFB-4417-AF2D-98C15ABE1ADA}.Release|Any CPU.Build.0 = Release|Any CPU
	EndGlobalSection
	GlobalSection(SolutionProperties) = preSolution
		HideSolutionNode = FALSE
	EndGlobalSection
	GlobalSection(ExtensibilityGlobals) = postSolution
		SolutionGuid = {7AC3F0EA-F844-4758-B102-3B876591DAD6}
	EndGlobalSection
EndGlobal
